
Microsoft Visual Studio Solution File, Format Version 12.00
# Visual Studio Version 17
VisualStudioVersion = 17.6.33815.320
MinimumVisualStudioVersion = 10.0.40219.1
Project("{9A19103F-16F7-4668-BE54-9A1E7A4F7556}") = "CoreDemoProject", "CoreDemoProject\CoreDemoProject.csproj", "{36942C70-35A5-4EF3-8F88-0A190BFA68B9}"
EndProject
Project("{9A19103F-16F7-4668-BE54-9A1E7A4F7556}") = "EntityLayer", "EntityLayer\EntityLayer.csproj", "{BC12C924-227E-4552-8E67-920DCFA81DBD}"
EndProject
Project("{9A19103F-16F7-4668-BE54-9A1E7A4F7556}") = "DataAccessLayer", "DataAccessLayer\DataAccessLayer.csproj", "{7B18CCCE-ECEF-4AF5-AEB0-877FB6AEBAD1}"
EndProject
Project("{9A19103F-16F7-4668-BE54-9A1E7A4F7556}") = "BusinessLayer", "BusinessLayer\BusinessLayer.csproj", "{A3B76BA8-501B-40E8-90F3-13F4239D119C}"
EndProject
Project("{9A19103F-16F7-4668-BE54-9A1E7A4F7556}") = "CoreLayer", "CoreLayer\CoreLayer.csproj", "{91482E29-7FF0-4DA8-8B38-4CD3DD9979CE}"
EndProject
Project("{FAE04EC0-301F-11D3-BF4B-00C04F79EFBC}") = "BlogApiDemo", "BlogApiDemo\BlogApiDemo.csproj", "{4F388786-C320-4D4D-A024-C73DC4B5D70E}"
EndProject
Global
	GlobalSection(SolutionConfigurationPlatforms) = preSolution
		Debug|Any CPU = Debug|Any CPU
		Release|Any CPU = Release|Any CPU
	EndGlobalSection
	GlobalSection(ProjectConfigurationPlatforms) = postSolution
		{36942C70-35A5-4EF3-8F88-0A190BFA68B9}.Debug|Any CPU.ActiveCfg = Debug|Any CPU
		{36942C70-35A5-4EF3-8F88-0A190BFA68B9}.Debug|Any CPU.Build.0 = Debug|Any CPU
		{36942C70-35A5-4EF3-8F88-0A190BFA68B9}.Release|Any CPU.ActiveCfg = Release|Any CPU
		{36942C70-35A5-4EF3-8F88-0A190BFA68B9}.Release|Any CPU.Build.0 = Release|Any CPU
		{BC12C924-227E-4552-8E67-920DCFA81DBD}.Debug|Any CPU.ActiveCfg = Debug|Any CPU
		{BC12C924-227E-4552-8E67-920DCFA81DBD}.Debug|Any CPU.Build.0 = Debug|Any CPU
		{BC12C924-227E-4552-8E67-920DCFA81DBD}.Release|Any CPU.ActiveCfg = Release|Any CPU
		{BC12C924-227E-4552-8E67-920DCFA81DBD}.Release|Any CPU.Build.0 = Release|Any CPU
		{7B18CCCE-ECEF-4AF5-AEB0-877FB6AEBAD1}.Debug|Any CPU.ActiveCfg = Debug|Any CPU
		{7B18CCCE-ECEF-4AF5-AEB0-877FB6AEBAD1}.Debug|Any CPU.Build.0 = Debug|Any CPU
		{7B18CCCE-ECEF-4AF5-AEB0-877FB6AEBAD1}.Release|Any CPU.ActiveCfg = Release|Any CPU
		{7B18CCCE-ECEF-4AF5-AEB0-877FB6AEBAD1}.Release|Any CPU.Build.0 = Release|Any CPU
		{A3B76BA8-501B-40E8-90F3-13F4239D119C}.Debug|Any CPU.ActiveCfg = Debug|Any CPU
		{A3B76BA8-501B-40E8-90F3-13F4239D119C}.Debug|Any CPU.Build.0 = Debug|Any CPU
		{A3B76BA8-501B-40E8-90F3-13F4239D119C}.Release|Any CPU.ActiveCfg = Release|Any CPU
		{A3B76BA8-501B-40E8-90F3-13F4239D119C}.Release|Any CPU.Build.0 = Release|Any CPU
		{91482E29-7FF0-4DA8-8B38-4CD3DD9979CE}.Debug|Any CPU.ActiveCfg = Debug|Any CPU
		{91482E29-7FF0-4DA8-8B38-4CD3DD9979CE}.Debug|Any CPU.Build.0 = Debug|Any CPU
		{91482E29-7FF0-4DA8-8B38-4CD3DD9979CE}.Release|Any CPU.ActiveCfg = Release|Any CPU
		{91482E29-7FF0-4DA8-8B38-4CD3DD9979CE}.Release|Any CPU.Build.0 = Release|Any CPU
		{4F388786-C320-4D4D-A024-C73DC4B5D70E}.Debug|Any CPU.ActiveCfg = Debug|Any CPU
		{4F388786-C320-4D4D-A024-C73DC4B5D70E}.Debug|Any CPU.Build.0 = Debug|Any CPU
		{4F388786-C320-4D4D-A024-C73DC4B5D70E}.Release|Any CPU.ActiveCfg = Release|Any CPU
		{4F388786-C320-4D4D-A024-C73DC4B5D70E}.Release|Any CPU.Build.0 = Release|Any CPU
	EndGlobalSection
	GlobalSection(SolutionProperties) = preSolution
		HideSolutionNode = FALSE
	EndGlobalSection
	GlobalSection(ExtensibilityGlobals) = postSolution
		SolutionGuid = {D17E8790-8B88-4748-94AF-8EBA1DD52926}
	EndGlobalSection
EndGlobal
